// !$*UTF8*$!
{
	archiveVersion = 1;
	classes = {
	};
	objectVersion = 50;
	objects = {

/* Begin PBXBuildFile section */
		2D05F861220E488E0089C2B7 /* main.cpp in Sources */ = {isa = PBXBuildFile; fileRef = 2D05F860220E488E0089C2B7 /* main.cpp */; };
		2D05F869220E48D40089C2B7 /* SummaryCards.cpp in Sources */ = {isa = PBXBuildFile; fileRef = 2D05F868220E48D40089C2B7 /* SummaryCards.cpp */; };
		2D05F86C220E49520089C2B7 /* PowerPlantCards.cpp in Sources */ = {isa = PBXBuildFile; fileRef = 2D05F86A220E49520089C2B7 /* PowerPlantCards.cpp */; };
		2D05F86F220E49F70089C2B7 /* Step3Card.cpp in Sources */ = {isa = PBXBuildFile; fileRef = 2D05F86D220E49F70089C2B7 /* Step3Card.cpp */; };
		2D05F872220E4B6D0089C2B7 /* Cards.cpp in Sources */ = {isa = PBXBuildFile; fileRef = 2D05F870220E4B6D0089C2B7 /* Cards.cpp */; };
/* End PBXBuildFile section */

/* Begin PBXCopyFilesBuildPhase section */
		2D05F85B220E488D0089C2B7 /* CopyFiles */ = {
			isa = PBXCopyFilesBuildPhase;
			buildActionMask = 2147483647;
			dstPath = /usr/share/man/man1/;
			dstSubfolderSpec = 0;
			files = (
			);
			runOnlyForDeploymentPostprocessing = 1;
		};
/* End PBXCopyFilesBuildPhase section */

/* Begin PBXFileReference section */
		2D05F85D220E488E0089C2B7 /* COMP345Ass1 */ = {isa = PBXFileReference; explicitFileType = "compiled.mach-o.executable"; includeInIndex = 0; path = COMP345Ass1; sourceTree = BUILT_PRODUCTS_DIR; };
		2D05F860220E488E0089C2B7 /* main.cpp */ = {isa = PBXFileReference; lastKnownFileType = sourcecode.cpp.cpp; path = main.cpp; sourceTree = "<group>"; };
		2D05F867220E48BC0089C2B7 /* SummaryCards.h */ = {isa = PBXFileReference; lastKnownFileType = sourcecode.c.h; path = SummaryCards.h; sourceTree = "<group>"; };
		2D05F868220E48D40089C2B7 /* SummaryCards.cpp */ = {isa = PBXFileReference; lastKnownFileType = sourcecode.cpp.cpp; path = SummaryCards.cpp; sourceTree = "<group>"; };
		2D05F86A220E49520089C2B7 /* PowerPlantCards.cpp */ = {isa = PBXFileReference; lastKnownFileType = sourcecode.cpp.cpp; path = PowerPlantCards.cpp; sourceTree = "<group>"; };
		2D05F86B220E49520089C2B7 /* PowerPlantCards.h */ = {isa = PBXFileReference; lastKnownFileType = sourcecode.c.h; path = PowerPlantCards.h; sourceTree = "<group>"; };
		2D05F86D220E49F70089C2B7 /* Step3Card.cpp */ = {isa = PBXFileReference; lastKnownFileType = sourcecode.cpp.cpp; path = Step3Card.cpp; sourceTree = "<group>"; };
		2D05F86E220E49F70089C2B7 /* Step3Card.h */ = {isa = PBXFileReference; lastKnownFileType = sourcecode.c.h; path = Step3Card.h; sourceTree = "<group>"; };
		2D05F870220E4B6D0089C2B7 /* Cards.cpp */ = {isa = PBXFileReference; lastKnownFileType = sourcecode.cpp.cpp; path = Cards.cpp; sourceTree = "<group>"; };
		2D05F87322110CD40089C2B7 /* Cards.h */ = {isa = PBXFileReference; lastKnownFileType = sourcecode.c.h; path = Cards.h; sourceTree = "<group>"; };
/* End PBXFileReference section */

/* Begin PBXFrameworksBuildPhase section */
		2D05F85A220E488D0089C2B7 /* Frameworks */ = {
			isa = PBXFrameworksBuildPhase;
			buildActionMask = 2147483647;
			files = (
			);
			runOnlyForDeploymentPostprocessing = 0;
		};
/* End PBXFrameworksBuildPhase section */

/* Begin PBXGroup section */
		2D05F854220E488D0089C2B7 = {
			isa = PBXGroup;
			children = (
				2D05F85F220E488E0089C2B7 /* COMP345Ass1 */,
				2D05F85E220E488E0089C2B7 /* Products */,
			);
			sourceTree = "<group>";
		};
		2D05F85E220E488E0089C2B7 /* Products */ = {
			isa = PBXGroup;
			children = (
				2D05F85D220E488E0089C2B7 /* COMP345Ass1 */,
			);
			name = Products;
			sourceTree = "<group>";
		};
		2D05F85F220E488E0089C2B7 /* COMP345Ass1 */ = {
			isa = PBXGroup;
			children = (
				2D05F860220E488E0089C2B7 /* main.cpp */,
				2D05F87322110CD40089C2B7 /* Cards.h */,
				2D05F870220E4B6D0089C2B7 /* Cards.cpp */,
				2D05F867220E48BC0089C2B7 /* SummaryCards.h */,
				2D05F868220E48D40089C2B7 /* SummaryCards.cpp */,
				2D05F86B220E49520089C2B7 /* PowerPlantCards.h */,
				2D05F86A220E49520089C2B7 /* PowerPlantCards.cpp */,
				2D05F86E220E49F70089C2B7 /* Step3Card.h */,
				2D05F86D220E49F70089C2B7 /* Step3Card.cpp */,
			);
			path = COMP345Ass1;
			sourceTree = "<group>";
		};
/* End PBXGroup section */

/* Begin PBXNativeTarget section */
		2D05F85C220E488D0089C2B7 /* COMP345Ass1 */ = {
			isa = PBXNativeTarget;
			buildConfigurationList = 2D05F864220E488E0089C2B7 /* Build configuration list for PBXNativeTarget "COMP345Ass1" */;
			buildPhases = (
				2D05F859220E488D0089C2B7 /* Sources */,
				2D05F85A220E488D0089C2B7 /* Frameworks */,
				2D05F85B220E488D0089C2B7 /* CopyFiles */,
			);
			buildRules = (
			);
			dependencies = (
			);
			name = COMP345Ass1;
			productName = COMP345Ass1;
			productReference = 2D05F85D220E488E0089C2B7 /* COMP345Ass1 */;
			productType = "com.apple.product-type.tool";
		};
/* End PBXNativeTarget section */

/* Begin PBXProject section */
		2D05F855220E488D0089C2B7 /* Project object */ = {
			isa = PBXProject;
			attributes = {
				LastUpgradeCheck = 1010;
				ORGANIZATIONNAME = "Adelekan Faruq Aliu";
				TargetAttributes = {
					2D05F85C220E488D0089C2B7 = {
						CreatedOnToolsVersion = 10.1;
					};
				};
			};
			buildConfigurationList = 2D05F858220E488D0089C2B7 /* Build configuration list for PBXProject "COMP345Ass1" */;
			compatibilityVersion = "Xcode 9.3";
			developmentRegion = en;
			hasScannedForEncodings = 0;
			knownRegions = (
				en,
			);
			mainGroup = 2D05F854220E488D0089C2B7;
			productRefGroup = 2D05F85E220E488E0089C2B7 /* Products */;
			projectDirPath = "";
			projectRoot = "";
			targets = (
				2D05F85C220E488D0089C2B7 /* COMP345Ass1 */,
			);
		};
/* End PBXProject section */

/* Begin PBXSourcesBuildPhase section */
		2D05F859220E488D0089C2B7 /* Sources */ = {
			isa = PBXSourcesBuildPhase;
			buildActionMask = 2147483647;
			files = (
				2D05F86C220E49520089C2B7 /* PowerPlantCards.cpp in Sources */,
				2D05F869220E48D40089C2B7 /* SummaryCards.cpp in Sources */,
				2D05F861220E488E0089C2B7 /* main.cpp in Sources */,
				2D05F86F220E49F70089C2B7 /* Step3Card.cpp in Sources */,
				2D05F872220E4B6D0089C2B7 /* Cards.cpp in Sources */,
			);
			runOnlyForDeploymentPostprocessing = 0;
		};
/* End PBXSourcesBuildPhase section */

/* Begin XCBuildConfiguration section */
		2D05F862220E488E0089C2B7 /* Debug */ = {
			isa = XCBuildConfiguration;
			buildSettings = {
				ALWAYS_SEARCH_USER_PATHS = NO;
				CLANG_ANALYZER_NONNULL = YES;
				CLANG_ANALYZER_NUMBER_OBJECT_CONVERSION = YES_AGGRESSIVE;
				CLANG_CXX_LANGUAGE_STANDARD = "gnu++14";
				CLANG_CXX_LIBRARY = "libc++";
				CLANG_ENABLE_MODULES = YES;
				CLANG_ENABLE_OBJC_ARC = YES;
				CLANG_ENABLE_OBJC_WEAK = YES;
				CLANG_WARN_BLOCK_CAPTURE_AUTORELEASING = YES;
				CLANG_WARN_BOOL_CONVERSION = YES;
				CLANG_WARN_COMMA = YES;
				CLANG_WARN_CONSTANT_CONVERSION = YES;
				CLANG_WARN_DEPRECATED_OBJC_IMPLEMENTATIONS = YES;
				CLANG_WARN_DIRECT_OBJC_ISA_USAGE = YES_ERROR;
				CLANG_WARN_DOCUMENTATION_COMMENTS = YES;
				CLANG_WARN_EMPTY_BODY = YES;
				CLANG_WARN_ENUM_CONVERSION = YES;
				CLANG_WARN_INFINITE_RECURSION = YES;
				CLANG_WARN_INT_CONVERSION = YES;
				CLANG_WARN_NON_LITERAL_NULL_CONVERSION = YES;
				CLANG_WARN_OBJC_IMPLICIT_RETAIN_SELF = YES;
				CLANG_WARN_OBJC_LITERAL_CONVERSION = YES;
				CLANG_WARN_OBJC_ROOT_CLASS = YES_ERROR;
				CLANG_WARN_RANGE_LOOP_ANALYSIS = YES;
				CLANG_WARN_STRICT_PROTOTYPES = YES;
				CLANG_WARN_SUSPICIOUS_MOVE = YES;
				CLANG_WARN_UNGUARDED_AVAILABILITY = YES_AGGRESSIVE;
				CLANG_WARN_UNREACHABLE_CODE = YES;
				CLANG_WARN__DUPLICATE_METHOD_MATCH = YES;
				CODE_SIGN_IDENTITY = "-";
				COPY_PHASE_STRIP = NO;
				DEBUG_INFORMATION_FORMAT = dwarf;
				ENABLE_STRICT_OBJC_MSGSEND = YES;
				ENABLE_TESTABILITY = YES;
				GCC_C_LANGUAGE_STANDARD = gnu11;
				GCC_DYNAMIC_NO_PIC = NO;
				GCC_NO_COMMON_BLOCKS = YES;
				GCC_OPTIMIZATION_LEVEL = 0;
				GCC_PREPROCESSOR_DEFINITIONS = (
					"DEBUG=1",
					"$(inherited)",
				);
				GCC_WARN_64_TO_32_BIT_CONVERSION = YES;
				GCC_WARN_ABOUT_RETURN_TYPE = YES_ERROR;
				GCC_WARN_UNDECLARED_SELECTOR = YES;
				GCC_WARN_UNINITIALIZED_AUTOS = YES_AGGRESSIVE;
				GCC_WARN_UNUSED_FUNCTION = YES;
				GCC_WARN_UNUSED_VARIABLE = YES;
				MACOSX_DEPLOYMENT_TARGET = 10.14;
				MTL_ENABLE_DEBUG_INFO = INCLUDE_SOURCE;
				MTL_FAST_MATH = YES;
				ONLY_ACTIVE_ARCH = YES;
				SDKROOT = macosx;
			};
			name = Debug;
		};
		2D05F863220E488E0089C2B7 /* Release */ = {
			isa = XCBuildConfiguration;
			buildSettings = {
				ALWAYS_SEARCH_USER_PATHS = NO;
				CLANG_ANALYZER_NONNULL = YES;
				CLANG_ANALYZER_NUMBER_OBJECT_CONVERSION = YES_AGGRESSIVE;
				CLANG_CXX_LANGUAGE_STANDARD = "gnu++14";
				CLANG_CXX_LIBRARY = "libc++";
				CLANG_ENABLE_MODULES = YES;
				CLANG_ENABLE_OBJC_ARC = YES;
				CLANG_ENABLE_OBJC_WEAK = YES;
				CLANG_WARN_BLOCK_CAPTURE_AUTORELEASING = YES;
				CLANG_WARN_BOOL_CONVERSION = YES;
				CLANG_WARN_COMMA = YES;
				CLANG_WARN_CONSTANT_CONVERSION = YES;
				CLANG_WARN_DEPRECATED_OBJC_IMPLEMENTATIONS = YES;
				CLANG_WARN_DIRECT_OBJC_ISA_USAGE = YES_ERROR;
				CLANG_WARN_DOCUMENTATION_COMMENTS = YES;
				CLANG_WARN_EMPTY_BODY = YES;
				CLANG_WARN_ENUM_CONVERSION = YES;
				CLANG_WARN_INFINITE_RECURSION = YES;
				CLANG_WARN_INT_CONVERSION = YES;
				CLANG_WARN_NON_LITERAL_NULL_CONVERSION = YES;
				CLANG_WARN_OBJC_IMPLICIT_RETAIN_SELF = YES;
				CLANG_WARN_OBJC_LITERAL_CONVERSION = YES;
				CLANG_WARN_OBJC_ROOT_CLASS = YES_ERROR;
				CLANG_WARN_RANGE_LOOP_ANALYSIS = YES;
				CLANG_WARN_STRICT_PROTOTYPES = YES;
				CLANG_WARN_SUSPICIOUS_MOVE = YES;
				CLANG_WARN_UNGUARDED_AVAILABILITY = YES_AGGRESSIVE;
				CLANG_WARN_UNREACHABLE_CODE = YES;
				CLANG_WARN__DUPLICATE_METHOD_MATCH = YES;
				CODE_SIGN_IDENTITY = "-";
				COPY_PHASE_STRIP = NO;
				DEBUG_INFORMATION_FORMAT = "dwarf-with-dsym";
				ENABLE_NS_ASSERTIONS = NO;
				ENABLE_STRICT_OBJC_MSGSEND = YES;
				GCC_C_LANGUAGE_STANDARD = gnu11;
				GCC_NO_COMMON_BLOCKS = YES;
				GCC_WARN_64_TO_32_BIT_CONVERSION = YES;
				GCC_WARN_ABOUT_RETURN_TYPE = YES_ERROR;
				GCC_WARN_UNDECLARED_SELECTOR = YES;
				GCC_WARN_UNINITIALIZED_AUTOS = YES_AGGRESSIVE;
				GCC_WARN_UNUSED_FUNCTION = YES;
				GCC_WARN_UNUSED_VARIABLE = YES;
				MACOSX_DEPLOYMENT_TARGET = 10.14;
				MTL_ENABLE_DEBUG_INFO = NO;
				MTL_FAST_MATH = YES;
				SDKROOT = macosx;
			};
			name = Release;
		};
		2D05F865220E488E0089C2B7 /* Debug */ = {
			isa = XCBuildConfiguration;
			buildSettings = {
				CODE_SIGN_STYLE = Automatic;
				PRODUCT_NAME = "$(TARGET_NAME)";
			};
			name = Debug;
		};
		2D05F866220E488E0089C2B7 /* Release */ = {
			isa = XCBuildConfiguration;
			buildSettings = {
				CODE_SIGN_STYLE = Automatic;
				PRODUCT_NAME = "$(TARGET_NAME)";
			};
			name = Release;
		};
/* End XCBuildConfiguration section */

/* Begin XCConfigurationList section */
		2D05F858220E488D0089C2B7 /* Build configuration list for PBXProject "COMP345Ass1" */ = {
			isa = XCConfigurationList;
			buildConfigurations = (
				2D05F862220E488E0089C2B7 /* Debug */,
				2D05F863220E488E0089C2B7 /* Release */,
			);
			defaultConfigurationIsVisible = 0;
			defaultConfigurationName = Release;
		};
		2D05F864220E488E0089C2B7 /* Build configuration list for PBXNativeTarget "COMP345Ass1" */ = {
			isa = XCConfigurationList;
			buildConfigurations = (
				2D05F865220E488E0089C2B7 /* Debug */,
				2D05F866220E488E0089C2B7 /* Release */,
			);
			defaultConfigurationIsVisible = 0;
			defaultConfigurationName = Release;
		};
/* End XCConfigurationList section */
	};
	rootObject = 2D05F855220E488D0089C2B7 /* Project object */;
}
