// !$*UTF8*$!
{
	archiveVersion = 1;
	classes = {
	};
	objectVersion = 50;
	objects = {

/* Begin PBXBuildFile section */
		2D49C7D92213688B0001893D /* SummaryCards.cpp in Sources */ = {isa = PBXBuildFile; fileRef = 2D49C7D52213688A0001893D /* SummaryCards.cpp */; };
		2D49C7DA2213688B0001893D /* PowerPlantCards.cpp in Sources */ = {isa = PBXBuildFile; fileRef = 2D49C7D72213688A0001893D /* PowerPlantCards.cpp */; };
		2D49C7DB2213688B0001893D /* Step3Card.cpp in Sources */ = {isa = PBXBuildFile; fileRef = 2D49C7D82213688A0001893D /* Step3Card.cpp */; };
		2D49C7DD221368B80001893D /* main.cpp in Sources */ = {isa = PBXBuildFile; fileRef = 2D49C7DC221368B80001893D /* main.cpp */; };
		2D49C7E3221381620001893D /* Cards.cpp in Sources */ = {isa = PBXBuildFile; fileRef = 2D49C7E1221381620001893D /* Cards.cpp */; };
/* End PBXBuildFile section */

/* Begin PBXCopyFilesBuildPhase section */
		2D49C7BA22135C780001893D /* CopyFiles */ = {
			isa = PBXCopyFilesBuildPhase;
			buildActionMask = 2147483647;
			dstPath = /usr/share/man/man1/;
			dstSubfolderSpec = 0;
			files = (
			);
			runOnlyForDeploymentPostprocessing = 1;
		};
/* End PBXCopyFilesBuildPhase section */

/* Begin PBXFileReference section */
		2D49C7BC22135C780001893D /* COMP345A1 */ = {isa = PBXFileReference; explicitFileType = "compiled.mach-o.executable"; includeInIndex = 0; path = COMP345A1; sourceTree = BUILT_PRODUCTS_DIR; };
		2D49C7D22213688A0001893D /* SummaryCards.h */ = {isa = PBXFileReference; fileEncoding = 4; lastKnownFileType = sourcecode.c.h; path = SummaryCards.h; sourceTree = "<group>"; };
		2D49C7D42213688A0001893D /* Step3Card.h */ = {isa = PBXFileReference; fileEncoding = 4; lastKnownFileType = sourcecode.c.h; path = Step3Card.h; sourceTree = "<group>"; };
		2D49C7D52213688A0001893D /* SummaryCards.cpp */ = {isa = PBXFileReference; fileEncoding = 4; lastKnownFileType = sourcecode.cpp.cpp; path = SummaryCards.cpp; sourceTree = "<group>"; };
		2D49C7D62213688A0001893D /* PowerPlantCards.h */ = {isa = PBXFileReference; fileEncoding = 4; lastKnownFileType = sourcecode.c.h; path = PowerPlantCards.h; sourceTree = "<group>"; };
		2D49C7D72213688A0001893D /* PowerPlantCards.cpp */ = {isa = PBXFileReference; fileEncoding = 4; lastKnownFileType = sourcecode.cpp.cpp; path = PowerPlantCards.cpp; sourceTree = "<group>"; };
		2D49C7D82213688A0001893D /* Step3Card.cpp */ = {isa = PBXFileReference; fileEncoding = 4; lastKnownFileType = sourcecode.cpp.cpp; path = Step3Card.cpp; sourceTree = "<group>"; };
		2D49C7DC221368B80001893D /* main.cpp */ = {isa = PBXFileReference; fileEncoding = 4; lastKnownFileType = sourcecode.cpp.cpp; path = main.cpp; sourceTree = "<group>"; usesTabs = 0; };
		2D49C7E1221381620001893D /* Cards.cpp */ = {isa = PBXFileReference; fileEncoding = 4; lastKnownFileType = sourcecode.cpp.cpp; path = Cards.cpp; sourceTree = "<group>"; };
		2D49C7E2221381620001893D /* Cards.h */ = {isa = PBXFileReference; fileEncoding = 4; lastKnownFileType = sourcecode.c.h; path = Cards.h; sourceTree = "<group>"; };
/* End PBXFileReference section */

/* Begin PBXFrameworksBuildPhase section */
		2D49C7B922135C780001893D /* Frameworks */ = {
			isa = PBXFrameworksBuildPhase;
			buildActionMask = 2147483647;
			files = (
			);
			runOnlyForDeploymentPostprocessing = 0;
		};
/* End PBXFrameworksBuildPhase section */

/* Begin PBXGroup section */
		2D49C7B322135C780001893D = {
			isa = PBXGroup;
			children = (
				2D49C7BE22135C780001893D /* COMP345A1 */,
				2D49C7BD22135C780001893D /* Products */,
			);
			sourceTree = "<group>";
		};
		2D49C7BD22135C780001893D /* Products */ = {
			isa = PBXGroup;
			children = (
				2D49C7BC22135C780001893D /* COMP345A1 */,
			);
			name = Products;
			sourceTree = "<group>";
		};
		2D49C7BE22135C780001893D /* COMP345A1 */ = {
			isa = PBXGroup;
			children = (
				2D49C7DC221368B80001893D /* main.cpp */,
				2D49C7E2221381620001893D /* Cards.h */,
				2D49C7E1221381620001893D /* Cards.cpp */,
				2D49C7D22213688A0001893D /* SummaryCards.h */,
				2D49C7D52213688A0001893D /* SummaryCards.cpp */,
				2D49C7D42213688A0001893D /* Step3Card.h */,
				2D49C7D82213688A0001893D /* Step3Card.cpp */,
				2D49C7D62213688A0001893D /* PowerPlantCards.h */,
				2D49C7D72213688A0001893D /* PowerPlantCards.cpp */,
			);
			path = COMP345A1;
			sourceTree = "<group>";
		};
/* End PBXGroup section */

/* Begin PBXNativeTarget section */
		2D49C7BB22135C780001893D /* COMP345A1 */ = {
			isa = PBXNativeTarget;
			buildConfigurationList = 2D49C7C322135C780001893D /* Build configuration list for PBXNativeTarget "COMP345A1" */;
			buildPhases = (
				2D49C7B822135C780001893D /* Sources */,
				2D49C7B922135C780001893D /* Frameworks */,
				2D49C7BA22135C780001893D /* CopyFiles */,
			);
			buildRules = (
			);
			dependencies = (
			);
			name = COMP345A1;
			productName = COMP345A1;
			productReference = 2D49C7BC22135C780001893D /* COMP345A1 */;
			productType = "com.apple.product-type.tool";
		};
/* End PBXNativeTarget section */

/* Begin PBXProject section */
		2D49C7B422135C780001893D /* Project object */ = {
			isa = PBXProject;
			attributes = {
				LastUpgradeCheck = 1010;
				ORGANIZATIONNAME = "Adelekan Faruq Aliu";
				TargetAttributes = {
					2D49C7BB22135C780001893D = {
						CreatedOnToolsVersion = 10.1;
					};
				};
			};
			buildConfigurationList = 2D49C7B722135C780001893D /* Build configuration list for PBXProject "COMP345A1" */;
			compatibilityVersion = "Xcode 9.3";
			developmentRegion = en;
			hasScannedForEncodings = 0;
			knownRegions = (
				en,
			);
			mainGroup = 2D49C7B322135C780001893D;
			productRefGroup = 2D49C7BD22135C780001893D /* Products */;
			projectDirPath = "";
			projectRoot = "";
			targets = (
				2D49C7BB22135C780001893D /* COMP345A1 */,
			);
		};
/* End PBXProject section */

/* Begin PBXSourcesBuildPhase section */
		2D49C7B822135C780001893D /* Sources */ = {
			isa = PBXSourcesBuildPhase;
			buildActionMask = 2147483647;
			files = (
				2D49C7DA2213688B0001893D /* PowerPlantCards.cpp in Sources */,
				2D49C7DB2213688B0001893D /* Step3Card.cpp in Sources */,
				2D49C7DD221368B80001893D /* main.cpp in Sources */,
				2D49C7D92213688B0001893D /* SummaryCards.cpp in Sources */,
				2D49C7E3221381620001893D /* Cards.cpp in Sources */,
			);
			runOnlyForDeploymentPostprocessing = 0;
		};
/* End PBXSourcesBuildPhase section */

/* Begin XCBuildConfiguration section */
		2D49C7C122135C780001893D /* Debug */ = {
			isa = XCBuildConfiguration;
			buildSettings = {
				ALWAYS_SEARCH_USER_PATHS = NO;
				CLANG_ANALYZER_NONNULL = YES;
				CLANG_ANALYZER_NUMBER_OBJECT_CONVERSION = YES_AGGRESSIVE;
				CLANG_CXX_LANGUAGE_STANDARD = "gnu++14";
				CLANG_CXX_LIBRARY = "libc++";
				CLANG_ENABLE_MODULES = YES;
				CLANG_ENABLE_OBJC_ARC = YES;
				CLANG_ENABLE_OBJC_WEAK = YES;
				CLANG_WARN_BLOCK_CAPTURE_AUTORELEASING = YES;
				CLANG_WARN_BOOL_CONVERSION = YES;
				CLANG_WARN_COMMA = YES;
				CLANG_WARN_CONSTANT_CONVERSION = YES;
				CLANG_WARN_DEPRECATED_OBJC_IMPLEMENTATIONS = YES;
				CLANG_WARN_DIRECT_OBJC_ISA_USAGE = YES_ERROR;
				CLANG_WARN_DOCUMENTATION_COMMENTS = YES;
				CLANG_WARN_EMPTY_BODY = YES;
				CLANG_WARN_ENUM_CONVERSION = YES;
				CLANG_WARN_INFINITE_RECURSION = YES;
				CLANG_WARN_INT_CONVERSION = YES;
				CLANG_WARN_NON_LITERAL_NULL_CONVERSION = YES;
				CLANG_WARN_OBJC_IMPLICIT_RETAIN_SELF = YES;
				CLANG_WARN_OBJC_LITERAL_CONVERSION = YES;
				CLANG_WARN_OBJC_ROOT_CLASS = YES_ERROR;
				CLANG_WARN_RANGE_LOOP_ANALYSIS = YES;
				CLANG_WARN_STRICT_PROTOTYPES = YES;
				CLANG_WARN_SUSPICIOUS_MOVE = YES;
				CLANG_WARN_UNGUARDED_AVAILABILITY = YES_AGGRESSIVE;
				CLANG_WARN_UNREACHABLE_CODE = YES;
				CLANG_WARN__DUPLICATE_METHOD_MATCH = YES;
				CODE_SIGN_IDENTITY = "-";
				COPY_PHASE_STRIP = NO;
				DEBUG_INFORMATION_FORMAT = dwarf;
				ENABLE_STRICT_OBJC_MSGSEND = YES;
				ENABLE_TESTABILITY = YES;
				GCC_C_LANGUAGE_STANDARD = gnu11;
				GCC_DYNAMIC_NO_PIC = NO;
				GCC_NO_COMMON_BLOCKS = YES;
				GCC_OPTIMIZATION_LEVEL = 0;
				GCC_PREPROCESSOR_DEFINITIONS = (
					"DEBUG=1",
					"$(inherited)",
				);
				GCC_WARN_64_TO_32_BIT_CONVERSION = YES;
				GCC_WARN_ABOUT_RETURN_TYPE = YES_ERROR;
				GCC_WARN_UNDECLARED_SELECTOR = YES;
				GCC_WARN_UNINITIALIZED_AUTOS = YES_AGGRESSIVE;
				GCC_WARN_UNUSED_FUNCTION = YES;
				GCC_WARN_UNUSED_VARIABLE = YES;
				MACOSX_DEPLOYMENT_TARGET = 10.14;
				MTL_ENABLE_DEBUG_INFO = INCLUDE_SOURCE;
				MTL_FAST_MATH = YES;
				ONLY_ACTIVE_ARCH = YES;
				SDKROOT = macosx;
			};
			name = Debug;
		};
		2D49C7C222135C780001893D /* Release */ = {
			isa = XCBuildConfiguration;
			buildSettings = {
				ALWAYS_SEARCH_USER_PATHS = NO;
				CLANG_ANALYZER_NONNULL = YES;
				CLANG_ANALYZER_NUMBER_OBJECT_CONVERSION = YES_AGGRESSIVE;
				CLANG_CXX_LANGUAGE_STANDARD = "gnu++14";
				CLANG_CXX_LIBRARY = "libc++";
				CLANG_ENABLE_MODULES = YES;
				CLANG_ENABLE_OBJC_ARC = YES;
				CLANG_ENABLE_OBJC_WEAK = YES;
				CLANG_WARN_BLOCK_CAPTURE_AUTORELEASING = YES;
				CLANG_WARN_BOOL_CONVERSION = YES;
				CLANG_WARN_COMMA = YES;
				CLANG_WARN_CONSTANT_CONVERSION = YES;
				CLANG_WARN_DEPRECATED_OBJC_IMPLEMENTATIONS = YES;
				CLANG_WARN_DIRECT_OBJC_ISA_USAGE = YES_ERROR;
				CLANG_WARN_DOCUMENTATION_COMMENTS = YES;
				CLANG_WARN_EMPTY_BODY = YES;
				CLANG_WARN_ENUM_CONVERSION = YES;
				CLANG_WARN_INFINITE_RECURSION = YES;
				CLANG_WARN_INT_CONVERSION = YES;
				CLANG_WARN_NON_LITERAL_NULL_CONVERSION = YES;
				CLANG_WARN_OBJC_IMPLICIT_RETAIN_SELF = YES;
				CLANG_WARN_OBJC_LITERAL_CONVERSION = YES;
				CLANG_WARN_OBJC_ROOT_CLASS = YES_ERROR;
				CLANG_WARN_RANGE_LOOP_ANALYSIS = YES;
				CLANG_WARN_STRICT_PROTOTYPES = YES;
				CLANG_WARN_SUSPICIOUS_MOVE = YES;
				CLANG_WARN_UNGUARDED_AVAILABILITY = YES_AGGRESSIVE;
				CLANG_WARN_UNREACHABLE_CODE = YES;
				CLANG_WARN__DUPLICATE_METHOD_MATCH = YES;
				CODE_SIGN_IDENTITY = "-";
				COPY_PHASE_STRIP = NO;
				DEBUG_INFORMATION_FORMAT = "dwarf-with-dsym";
				ENABLE_NS_ASSERTIONS = NO;
				ENABLE_STRICT_OBJC_MSGSEND = YES;
				GCC_C_LANGUAGE_STANDARD = gnu11;
				GCC_NO_COMMON_BLOCKS = YES;
				GCC_WARN_64_TO_32_BIT_CONVERSION = YES;
				GCC_WARN_ABOUT_RETURN_TYPE = YES_ERROR;
				GCC_WARN_UNDECLARED_SELECTOR = YES;
				GCC_WARN_UNINITIALIZED_AUTOS = YES_AGGRESSIVE;
				GCC_WARN_UNUSED_FUNCTION = YES;
				GCC_WARN_UNUSED_VARIABLE = YES;
				MACOSX_DEPLOYMENT_TARGET = 10.14;
				MTL_ENABLE_DEBUG_INFO = NO;
				MTL_FAST_MATH = YES;
				SDKROOT = macosx;
			};
			name = Release;
		};
		2D49C7C422135C780001893D /* Debug */ = {
			isa = XCBuildConfiguration;
			buildSettings = {
				CODE_SIGN_STYLE = Automatic;
				PRODUCT_NAME = "$(TARGET_NAME)";
			};
			name = Debug;
		};
		2D49C7C522135C780001893D /* Release */ = {
			isa = XCBuildConfiguration;
			buildSettings = {
				CODE_SIGN_STYLE = Automatic;
				PRODUCT_NAME = "$(TARGET_NAME)";
			};
			name = Release;
		};
/* End XCBuildConfiguration section */

/* Begin XCConfigurationList section */
		2D49C7B722135C780001893D /* Build configuration list for PBXProject "COMP345A1" */ = {
			isa = XCConfigurationList;
			buildConfigurations = (
				2D49C7C122135C780001893D /* Debug */,
				2D49C7C222135C780001893D /* Release */,
			);
			defaultConfigurationIsVisible = 0;
			defaultConfigurationName = Release;
		};
		2D49C7C322135C780001893D /* Build configuration list for PBXNativeTarget "COMP345A1" */ = {
			isa = XCConfigurationList;
			buildConfigurations = (
				2D49C7C422135C780001893D /* Debug */,
				2D49C7C522135C780001893D /* Release */,
			);
			defaultConfigurationIsVisible = 0;
			defaultConfigurationName = Release;
		};
/* End XCConfigurationList section */
	};
	rootObject = 2D49C7B422135C780001893D /* Project object */;
}
