// !$*UTF8*$!
{
	archiveVersion = 1;
	classes = {
	};
	objectVersion = 50;
	objects = {

/* Begin PBXBuildFile section */
		2D4F0B38224AB89800343913 /* CityNode.cpp in Sources */ = {isa = PBXBuildFile; fileRef = 2D4F0B11224AB89500343913 /* CityNode.cpp */; };
		2D4F0B39224AB89800343913 /* PPmarket.cpp in Sources */ = {isa = PBXBuildFile; fileRef = 2D4F0B15224AB89500343913 /* PPmarket.cpp */; };
		2D4F0B3A224AB89800343913 /* GameMap.cpp in Sources */ = {isa = PBXBuildFile; fileRef = 2D4F0B17224AB89500343913 /* GameMap.cpp */; };
		2D4F0B3B224AB89800343913 /* PowerPlantCards.cpp in Sources */ = {isa = PBXBuildFile; fileRef = 2D4F0B18224AB89500343913 /* PowerPlantCards.cpp */; };
		2D4F0B3C224AB89800343913 /* A2_Part3_Phase4_Driver.cpp in Sources */ = {isa = PBXBuildFile; fileRef = 2D4F0B19224AB89500343913 /* A2_Part3_Phase4_Driver.cpp */; };
		2D4F0B3D224AB89800343913 /* House.cpp in Sources */ = {isa = PBXBuildFile; fileRef = 2D4F0B1A224AB89600343913 /* House.cpp */; };
		2D4F0B3E224AB89800343913 /* Cards.cpp in Sources */ = {isa = PBXBuildFile; fileRef = 2D4F0B1B224AB89600343913 /* Cards.cpp */; };
		2D4F0B3F224AB89800343913 /* Building.cpp in Sources */ = {isa = PBXBuildFile; fileRef = 2D4F0B1C224AB89600343913 /* Building.cpp */; };
		2D4F0B40224AB89800343913 /* Part5_Driver.cpp in Sources */ = {isa = PBXBuildFile; fileRef = 2D4F0B1E224AB89600343913 /* Part5_Driver.cpp */; };
		2D4F0B41224AB89800343913 /* SummaryCards.cpp in Sources */ = {isa = PBXBuildFile; fileRef = 2D4F0B26224AB89600343913 /* SummaryCards.cpp */; };
		2D4F0B42224AB89800343913 /* Part2_Driver.cpp in Sources */ = {isa = PBXBuildFile; fileRef = 2D4F0B28224AB89600343913 /* Part2_Driver.cpp */; };
		2D4F0B43224AB89800343913 /* Part3_Driver.cpp in Sources */ = {isa = PBXBuildFile; fileRef = 2D4F0B29224AB89700343913 /* Part3_Driver.cpp */; };
		2D4F0B44224AB89800343913 /* Edges.cpp in Sources */ = {isa = PBXBuildFile; fileRef = 2D4F0B2C224AB89700343913 /* Edges.cpp */; };
		2D4F0B45224AB89800343913 /* ResourceManager.cpp in Sources */ = {isa = PBXBuildFile; fileRef = 2D4F0B2D224AB89700343913 /* ResourceManager.cpp */; };
		2D4F0B46224AB89800343913 /* Player.cpp in Sources */ = {isa = PBXBuildFile; fileRef = 2D4F0B2E224AB89700343913 /* Player.cpp */; };
		2D4F0B47224AB89800343913 /* Resource.cpp in Sources */ = {isa = PBXBuildFile; fileRef = 2D4F0B30224AB89700343913 /* Resource.cpp */; };
		2D4F0B48224AB89800343913 /* Step3Card.cpp in Sources */ = {isa = PBXBuildFile; fileRef = 2D4F0B31224AB89700343913 /* Step3Card.cpp */; };
		2D4F0B49224AB89800343913 /* ResourceMarket.cpp in Sources */ = {isa = PBXBuildFile; fileRef = 2D4F0B32224AB89800343913 /* ResourceMarket.cpp */; };
		2D4F0B4A224AB89800343913 /* A2_Part2_Driver.cpp in Sources */ = {isa = PBXBuildFile; fileRef = 2D4F0B34224AB89800343913 /* A2_Part2_Driver.cpp */; };
		2D4F0B4B224AB89800343913 /* MapLoader.cpp in Sources */ = {isa = PBXBuildFile; fileRef = 2D4F0B37224AB89800343913 /* MapLoader.cpp */; };
/* End PBXBuildFile section */

/* Begin PBXCopyFilesBuildPhase section */
		2D49C7BA22135C780001893D /* CopyFiles */ = {
			isa = PBXCopyFilesBuildPhase;
			buildActionMask = 2147483647;
			dstPath = /usr/share/man/man1/;
			dstSubfolderSpec = 0;
			files = (
			);
			runOnlyForDeploymentPostprocessing = 1;
		};
/* End PBXCopyFilesBuildPhase section */

/* Begin PBXFileReference section */
		2D49C7BC22135C780001893D /* FunkenshlagA1 */ = {isa = PBXFileReference; explicitFileType = "compiled.mach-o.executable"; includeInIndex = 0; name = FunkenshlagA1; path = /Users/Lekside/Downloads/Concordia/Winter19/COMP345/Assignments/Funkenshlag/build/Debug/FunkenshlagA1; sourceTree = "<absolute>"; };
		2D4F0B11224AB89500343913 /* CityNode.cpp */ = {isa = PBXFileReference; fileEncoding = 4; lastKnownFileType = sourcecode.cpp.cpp; name = CityNode.cpp; path = FunkenshlagA1/CityNode.cpp; sourceTree = "<group>"; };
		2D4F0B12224AB89500343913 /* House.h */ = {isa = PBXFileReference; fileEncoding = 4; lastKnownFileType = sourcecode.c.h; name = House.h; path = FunkenshlagA1/House.h; sourceTree = "<group>"; };
		2D4F0B13224AB89500343913 /* Cards.h */ = {isa = PBXFileReference; fileEncoding = 4; lastKnownFileType = sourcecode.c.h; name = Cards.h; path = FunkenshlagA1/Cards.h; sourceTree = "<group>"; };
		2D4F0B14224AB89500343913 /* CityNode.h */ = {isa = PBXFileReference; fileEncoding = 4; lastKnownFileType = sourcecode.c.h; name = CityNode.h; path = FunkenshlagA1/CityNode.h; sourceTree = "<group>"; };
		2D4F0B15224AB89500343913 /* PPmarket.cpp */ = {isa = PBXFileReference; fileEncoding = 4; lastKnownFileType = sourcecode.cpp.cpp; name = PPmarket.cpp; path = FunkenshlagA1/PPmarket.cpp; sourceTree = "<group>"; };
		2D4F0B16224AB89500343913 /* Building.h */ = {isa = PBXFileReference; fileEncoding = 4; lastKnownFileType = sourcecode.c.h; name = Building.h; path = FunkenshlagA1/Building.h; sourceTree = "<group>"; };
		2D4F0B17224AB89500343913 /* GameMap.cpp */ = {isa = PBXFileReference; fileEncoding = 4; lastKnownFileType = sourcecode.cpp.cpp; name = GameMap.cpp; path = FunkenshlagA1/GameMap.cpp; sourceTree = "<group>"; };
		2D4F0B18224AB89500343913 /* PowerPlantCards.cpp */ = {isa = PBXFileReference; fileEncoding = 4; lastKnownFileType = sourcecode.cpp.cpp; name = PowerPlantCards.cpp; path = FunkenshlagA1/PowerPlantCards.cpp; sourceTree = "<group>"; };
		2D4F0B19224AB89500343913 /* A2_Part3_Phase4_Driver.cpp */ = {isa = PBXFileReference; fileEncoding = 4; lastKnownFileType = sourcecode.cpp.cpp; name = A2_Part3_Phase4_Driver.cpp; path = FunkenshlagA1/A2_Part3_Phase4_Driver.cpp; sourceTree = "<group>"; };
		2D4F0B1A224AB89600343913 /* House.cpp */ = {isa = PBXFileReference; fileEncoding = 4; lastKnownFileType = sourcecode.cpp.cpp; name = House.cpp; path = FunkenshlagA1/House.cpp; sourceTree = "<group>"; };
		2D4F0B1B224AB89600343913 /* Cards.cpp */ = {isa = PBXFileReference; fileEncoding = 4; lastKnownFileType = sourcecode.cpp.cpp; name = Cards.cpp; path = FunkenshlagA1/Cards.cpp; sourceTree = "<group>"; };
		2D4F0B1C224AB89600343913 /* Building.cpp */ = {isa = PBXFileReference; fileEncoding = 4; lastKnownFileType = sourcecode.cpp.cpp; name = Building.cpp; path = FunkenshlagA1/Building.cpp; sourceTree = "<group>"; };
		2D4F0B1D224AB89600343913 /* Resource.h */ = {isa = PBXFileReference; fileEncoding = 4; lastKnownFileType = sourcecode.c.h; name = Resource.h; path = FunkenshlagA1/Resource.h; sourceTree = "<group>"; };
		2D4F0B1E224AB89600343913 /* Part5_Driver.cpp */ = {isa = PBXFileReference; fileEncoding = 4; lastKnownFileType = sourcecode.cpp.cpp; name = Part5_Driver.cpp; path = FunkenshlagA1/Part5_Driver.cpp; sourceTree = "<group>"; };
		2D4F0B1F224AB89600343913 /* Slot.h */ = {isa = PBXFileReference; fileEncoding = 4; lastKnownFileType = sourcecode.c.h; name = Slot.h; path = FunkenshlagA1/Slot.h; sourceTree = "<group>"; };
		2D4F0B20224AB89600343913 /* PPmarket.h */ = {isa = PBXFileReference; fileEncoding = 4; lastKnownFileType = sourcecode.c.h; name = PPmarket.h; path = FunkenshlagA1/PPmarket.h; sourceTree = "<group>"; };
		2D4F0B21224AB89600343913 /* invalidmap.txt */ = {isa = PBXFileReference; fileEncoding = 4; lastKnownFileType = text; name = invalidmap.txt; path = FunkenshlagA1/invalidmap.txt; sourceTree = "<group>"; };
		2D4F0B22224AB89600343913 /* Edges.h */ = {isa = PBXFileReference; fileEncoding = 4; lastKnownFileType = sourcecode.c.h; name = Edges.h; path = FunkenshlagA1/Edges.h; sourceTree = "<group>"; };
		2D4F0B23224AB89600343913 /* GameMap.h */ = {isa = PBXFileReference; fileEncoding = 4; lastKnownFileType = sourcecode.c.h; name = GameMap.h; path = FunkenshlagA1/GameMap.h; sourceTree = "<group>"; };
		2D4F0B24224AB89600343913 /* ResourceManager.h */ = {isa = PBXFileReference; fileEncoding = 4; lastKnownFileType = sourcecode.c.h; name = ResourceManager.h; path = FunkenshlagA1/ResourceManager.h; sourceTree = "<group>"; };
		2D4F0B25224AB89600343913 /* Step3Card.h */ = {isa = PBXFileReference; fileEncoding = 4; lastKnownFileType = sourcecode.c.h; name = Step3Card.h; path = FunkenshlagA1/Step3Card.h; sourceTree = "<group>"; };
		2D4F0B26224AB89600343913 /* SummaryCards.cpp */ = {isa = PBXFileReference; fileEncoding = 4; lastKnownFileType = sourcecode.cpp.cpp; name = SummaryCards.cpp; path = FunkenshlagA1/SummaryCards.cpp; sourceTree = "<group>"; };
		2D4F0B27224AB89600343913 /* ResourceMarket.h */ = {isa = PBXFileReference; fileEncoding = 4; lastKnownFileType = sourcecode.c.h; name = ResourceMarket.h; path = FunkenshlagA1/ResourceMarket.h; sourceTree = "<group>"; };
		2D4F0B28224AB89600343913 /* Part2_Driver.cpp */ = {isa = PBXFileReference; fileEncoding = 4; lastKnownFileType = sourcecode.cpp.cpp; name = Part2_Driver.cpp; path = FunkenshlagA1/Part2_Driver.cpp; sourceTree = "<group>"; };
		2D4F0B29224AB89700343913 /* Part3_Driver.cpp */ = {isa = PBXFileReference; fileEncoding = 4; lastKnownFileType = sourcecode.cpp.cpp; name = Part3_Driver.cpp; path = FunkenshlagA1/Part3_Driver.cpp; sourceTree = "<group>"; };
		2D4F0B2A224AB89700343913 /* SummaryCards.h */ = {isa = PBXFileReference; fileEncoding = 4; lastKnownFileType = sourcecode.c.h; name = SummaryCards.h; path = FunkenshlagA1/SummaryCards.h; sourceTree = "<group>"; };
		2D4F0B2B224AB89700343913 /* Player.h */ = {isa = PBXFileReference; fileEncoding = 4; lastKnownFileType = sourcecode.c.h; name = Player.h; path = FunkenshlagA1/Player.h; sourceTree = "<group>"; };
		2D4F0B2C224AB89700343913 /* Edges.cpp */ = {isa = PBXFileReference; fileEncoding = 4; lastKnownFileType = sourcecode.cpp.cpp; name = Edges.cpp; path = FunkenshlagA1/Edges.cpp; sourceTree = "<group>"; };
		2D4F0B2D224AB89700343913 /* ResourceManager.cpp */ = {isa = PBXFileReference; fileEncoding = 4; lastKnownFileType = sourcecode.cpp.cpp; name = ResourceManager.cpp; path = FunkenshlagA1/ResourceManager.cpp; sourceTree = "<group>"; };
		2D4F0B2E224AB89700343913 /* Player.cpp */ = {isa = PBXFileReference; fileEncoding = 4; lastKnownFileType = sourcecode.cpp.cpp; name = Player.cpp; path = FunkenshlagA1/Player.cpp; sourceTree = "<group>"; };
		2D4F0B2F224AB89700343913 /* players.txt */ = {isa = PBXFileReference; fileEncoding = 4; lastKnownFileType = text; name = players.txt; path = FunkenshlagA1/players.txt; sourceTree = "<group>"; };
		2D4F0B30224AB89700343913 /* Resource.cpp */ = {isa = PBXFileReference; fileEncoding = 4; lastKnownFileType = sourcecode.cpp.cpp; name = Resource.cpp; path = FunkenshlagA1/Resource.cpp; sourceTree = "<group>"; };
		2D4F0B31224AB89700343913 /* Step3Card.cpp */ = {isa = PBXFileReference; fileEncoding = 4; lastKnownFileType = sourcecode.cpp.cpp; name = Step3Card.cpp; path = FunkenshlagA1/Step3Card.cpp; sourceTree = "<group>"; };
		2D4F0B32224AB89800343913 /* ResourceMarket.cpp */ = {isa = PBXFileReference; fileEncoding = 4; lastKnownFileType = sourcecode.cpp.cpp; name = ResourceMarket.cpp; path = FunkenshlagA1/ResourceMarket.cpp; sourceTree = "<group>"; };
		2D4F0B33224AB89800343913 /* MapLoader.h */ = {isa = PBXFileReference; fileEncoding = 4; lastKnownFileType = sourcecode.c.h; name = MapLoader.h; path = FunkenshlagA1/MapLoader.h; sourceTree = "<group>"; };
		2D4F0B34224AB89800343913 /* A2_Part2_Driver.cpp */ = {isa = PBXFileReference; fileEncoding = 4; lastKnownFileType = sourcecode.cpp.cpp; name = A2_Part2_Driver.cpp; path = FunkenshlagA1/A2_Part2_Driver.cpp; sourceTree = "<group>"; };
		2D4F0B35224AB89800343913 /* PowerPlantCards.h */ = {isa = PBXFileReference; fileEncoding = 4; lastKnownFileType = sourcecode.c.h; name = PowerPlantCards.h; path = FunkenshlagA1/PowerPlantCards.h; sourceTree = "<group>"; };
		2D4F0B36224AB89800343913 /* map.txt */ = {isa = PBXFileReference; fileEncoding = 4; lastKnownFileType = text; name = map.txt; path = FunkenshlagA1/map.txt; sourceTree = "<group>"; };
		2D4F0B37224AB89800343913 /* MapLoader.cpp */ = {isa = PBXFileReference; fileEncoding = 4; lastKnownFileType = sourcecode.cpp.cpp; name = MapLoader.cpp; path = FunkenshlagA1/MapLoader.cpp; sourceTree = "<group>"; };
		2D4F0B4D224AC29400343913 /* FunkenshlagA1 */ = {isa = PBXFileReference; explicitFileType = "compiled.mach-o.executable"; includeInIndex = 0; path = FunkenshlagA1; sourceTree = BUILT_PRODUCTS_DIR; };
/* End PBXFileReference section */

/* Begin PBXFrameworksBuildPhase section */
		2D49C7B922135C780001893D /* Frameworks */ = {
			isa = PBXFrameworksBuildPhase;
			buildActionMask = 2147483647;
			files = (
			);
			runOnlyForDeploymentPostprocessing = 0;
		};
/* End PBXFrameworksBuildPhase section */

/* Begin PBXGroup section */
		2D49C7B322135C780001893D = {
			isa = PBXGroup;
			children = (
				2D4F0B34224AB89800343913 /* A2_Part2_Driver.cpp */,
				2D4F0B28224AB89600343913 /* Part2_Driver.cpp */,
				2D4F0B29224AB89700343913 /* Part3_Driver.cpp */,
				2D4F0B1E224AB89600343913 /* Part5_Driver.cpp */,
				2D4F0B1B224AB89600343913 /* Cards.cpp */,
				2D4F0B13224AB89500343913 /* Cards.h */,
				2D4F0B11224AB89500343913 /* CityNode.cpp */,
				2D4F0B14224AB89500343913 /* CityNode.h */,
				2D4F0B2C224AB89700343913 /* Edges.cpp */,
				2D4F0B22224AB89600343913 /* Edges.h */,
				2D4F0B17224AB89500343913 /* GameMap.cpp */,
				2D4F0B23224AB89600343913 /* GameMap.h */,
				2D4F0B1A224AB89600343913 /* House.cpp */,
				2D4F0B12224AB89500343913 /* House.h */,
				2D4F0B21224AB89600343913 /* invalidmap.txt */,
				2D4F0B36224AB89800343913 /* map.txt */,
				2D4F0B37224AB89800343913 /* MapLoader.cpp */,
				2D4F0B33224AB89800343913 /* MapLoader.h */,
				2D4F0B2E224AB89700343913 /* Player.cpp */,
				2D4F0B2B224AB89700343913 /* Player.h */,
				2D4F0B2F224AB89700343913 /* players.txt */,
				2D4F0B18224AB89500343913 /* PowerPlantCards.cpp */,
				2D4F0B35224AB89800343913 /* PowerPlantCards.h */,
				2D4F0B15224AB89500343913 /* PPmarket.cpp */,
				2D4F0B20224AB89600343913 /* PPmarket.h */,
				2D4F0B30224AB89700343913 /* Resource.cpp */,
				2D4F0B1D224AB89600343913 /* Resource.h */,
				2D4F0B2D224AB89700343913 /* ResourceManager.cpp */,
				2D4F0B24224AB89600343913 /* ResourceManager.h */,
				2D4F0B32224AB89800343913 /* ResourceMarket.cpp */,
				2D4F0B27224AB89600343913 /* ResourceMarket.h */,
				2D4F0B1F224AB89600343913 /* Slot.h */,
				2D4F0B31224AB89700343913 /* Step3Card.cpp */,
				2D4F0B25224AB89600343913 /* Step3Card.h */,
				2D4F0B26224AB89600343913 /* SummaryCards.cpp */,
				2D4F0B2A224AB89700343913 /* SummaryCards.h */,
				2D4F0B19224AB89500343913 /* A2_Part3_Phase4_Driver.cpp */,
				2D4F0B1C224AB89600343913 /* Building.cpp */,
				2D4F0B16224AB89500343913 /* Building.h */,
				2D4F0B4D224AC29400343913 /* FunkenshlagA1 */,
			);
			sourceTree = "<group>";
		};
/* End PBXGroup section */

/* Begin PBXNativeTarget section */
		2D49C7BB22135C780001893D /* FunkenshlagA1 */ = {
			isa = PBXNativeTarget;
			buildConfigurationList = 2D49C7C322135C780001893D /* Build configuration list for PBXNativeTarget "FunkenshlagA1" */;
			buildPhases = (
				2D49C7B822135C780001893D /* Sources */,
				2D49C7B922135C780001893D /* Frameworks */,
				2D49C7BA22135C780001893D /* CopyFiles */,
			);
			buildRules = (
			);
			dependencies = (
			);
			name = FunkenshlagA1;
			productName = COMP345A1;
			productReference = 2D4F0B4D224AC29400343913 /* FunkenshlagA1 */;
			productType = "com.apple.product-type.tool";
		};
/* End PBXNativeTarget section */

/* Begin PBXProject section */
		2D49C7B422135C780001893D /* Project object */ = {
			isa = PBXProject;
			attributes = {
				LastUpgradeCheck = 1010;
				ORGANIZATIONNAME = "Adelekan Faruq Aliu";
				TargetAttributes = {
					2D49C7BB22135C780001893D = {
						CreatedOnToolsVersion = 10.1;
					};
				};
			};
			buildConfigurationList = 2D49C7B722135C780001893D /* Build configuration list for PBXProject "FunkenshlagA1" */;
			compatibilityVersion = "Xcode 9.3";
			developmentRegion = en;
			hasScannedForEncodings = 0;
			knownRegions = (
				en,
			);
			mainGroup = 2D49C7B322135C780001893D;
			productRefGroup = 2D49C7B322135C780001893D;
			projectDirPath = "";
			projectRoot = "";
			targets = (
				2D49C7BB22135C780001893D /* FunkenshlagA1 */,
			);
		};
/* End PBXProject section */

/* Begin PBXSourcesBuildPhase section */
		2D49C7B822135C780001893D /* Sources */ = {
			isa = PBXSourcesBuildPhase;
			buildActionMask = 2147483647;
			files = (
				2D4F0B3C224AB89800343913 /* A2_Part3_Phase4_Driver.cpp in Sources */,
				2D4F0B38224AB89800343913 /* CityNode.cpp in Sources */,
				2D4F0B43224AB89800343913 /* Part3_Driver.cpp in Sources */,
				2D4F0B4A224AB89800343913 /* A2_Part2_Driver.cpp in Sources */,
				2D4F0B44224AB89800343913 /* Edges.cpp in Sources */,
				2D4F0B41224AB89800343913 /* SummaryCards.cpp in Sources */,
				2D4F0B47224AB89800343913 /* Resource.cpp in Sources */,
				2D4F0B4B224AB89800343913 /* MapLoader.cpp in Sources */,
				2D4F0B42224AB89800343913 /* Part2_Driver.cpp in Sources */,
				2D4F0B3D224AB89800343913 /* House.cpp in Sources */,
				2D4F0B45224AB89800343913 /* ResourceManager.cpp in Sources */,
				2D4F0B49224AB89800343913 /* ResourceMarket.cpp in Sources */,
				2D4F0B40224AB89800343913 /* Part5_Driver.cpp in Sources */,
				2D4F0B3F224AB89800343913 /* Building.cpp in Sources */,
				2D4F0B3B224AB89800343913 /* PowerPlantCards.cpp in Sources */,
				2D4F0B3E224AB89800343913 /* Cards.cpp in Sources */,
				2D4F0B3A224AB89800343913 /* GameMap.cpp in Sources */,
				2D4F0B39224AB89800343913 /* PPmarket.cpp in Sources */,
				2D4F0B46224AB89800343913 /* Player.cpp in Sources */,
				2D4F0B48224AB89800343913 /* Step3Card.cpp in Sources */,
			);
			runOnlyForDeploymentPostprocessing = 0;
		};
/* End PBXSourcesBuildPhase section */

/* Begin XCBuildConfiguration section */
		2D49C7C122135C780001893D /* Debug */ = {
			isa = XCBuildConfiguration;
			buildSettings = {
				ALWAYS_SEARCH_USER_PATHS = NO;
				CLANG_ANALYZER_NONNULL = YES;
				CLANG_ANALYZER_NUMBER_OBJECT_CONVERSION = YES_AGGRESSIVE;
				CLANG_CXX_LANGUAGE_STANDARD = "gnu++14";
				CLANG_CXX_LIBRARY = "libc++";
				CLANG_ENABLE_MODULES = YES;
				CLANG_ENABLE_OBJC_ARC = YES;
				CLANG_ENABLE_OBJC_WEAK = YES;
				CLANG_WARN_BLOCK_CAPTURE_AUTORELEASING = YES;
				CLANG_WARN_BOOL_CONVERSION = YES;
				CLANG_WARN_COMMA = YES;
				CLANG_WARN_CONSTANT_CONVERSION = YES;
				CLANG_WARN_DEPRECATED_OBJC_IMPLEMENTATIONS = YES;
				CLANG_WARN_DIRECT_OBJC_ISA_USAGE = YES_ERROR;
				CLANG_WARN_DOCUMENTATION_COMMENTS = YES;
				CLANG_WARN_EMPTY_BODY = YES;
				CLANG_WARN_ENUM_CONVERSION = YES;
				CLANG_WARN_INFINITE_RECURSION = YES;
				CLANG_WARN_INT_CONVERSION = YES;
				CLANG_WARN_NON_LITERAL_NULL_CONVERSION = YES;
				CLANG_WARN_OBJC_IMPLICIT_RETAIN_SELF = YES;
				CLANG_WARN_OBJC_LITERAL_CONVERSION = YES;
				CLANG_WARN_OBJC_ROOT_CLASS = YES_ERROR;
				CLANG_WARN_RANGE_LOOP_ANALYSIS = YES;
				CLANG_WARN_STRICT_PROTOTYPES = YES;
				CLANG_WARN_SUSPICIOUS_MOVE = YES;
				CLANG_WARN_UNGUARDED_AVAILABILITY = YES_AGGRESSIVE;
				CLANG_WARN_UNREACHABLE_CODE = YES;
				CLANG_WARN__DUPLICATE_METHOD_MATCH = YES;
				CODE_SIGN_IDENTITY = "-";
				COPY_PHASE_STRIP = NO;
				DEBUG_INFORMATION_FORMAT = dwarf;
				ENABLE_STRICT_OBJC_MSGSEND = YES;
				ENABLE_TESTABILITY = YES;
				GCC_C_LANGUAGE_STANDARD = gnu11;
				GCC_DYNAMIC_NO_PIC = NO;
				GCC_NO_COMMON_BLOCKS = YES;
				GCC_OPTIMIZATION_LEVEL = 0;
				GCC_PREPROCESSOR_DEFINITIONS = (
					"DEBUG=1",
					"$(inherited)",
				);
				GCC_WARN_64_TO_32_BIT_CONVERSION = YES;
				GCC_WARN_ABOUT_RETURN_TYPE = YES_ERROR;
				GCC_WARN_UNDECLARED_SELECTOR = YES;
				GCC_WARN_UNINITIALIZED_AUTOS = YES_AGGRESSIVE;
				GCC_WARN_UNUSED_FUNCTION = YES;
				GCC_WARN_UNUSED_VARIABLE = YES;
				MACOSX_DEPLOYMENT_TARGET = 10.14;
				MTL_ENABLE_DEBUG_INFO = INCLUDE_SOURCE;
				MTL_FAST_MATH = YES;
				ONLY_ACTIVE_ARCH = YES;
				SDKROOT = macosx;
			};
			name = Debug;
		};
		2D49C7C222135C780001893D /* Release */ = {
			isa = XCBuildConfiguration;
			buildSettings = {
				ALWAYS_SEARCH_USER_PATHS = NO;
				CLANG_ANALYZER_NONNULL = YES;
				CLANG_ANALYZER_NUMBER_OBJECT_CONVERSION = YES_AGGRESSIVE;
				CLANG_CXX_LANGUAGE_STANDARD = "gnu++14";
				CLANG_CXX_LIBRARY = "libc++";
				CLANG_ENABLE_MODULES = YES;
				CLANG_ENABLE_OBJC_ARC = YES;
				CLANG_ENABLE_OBJC_WEAK = YES;
				CLANG_WARN_BLOCK_CAPTURE_AUTORELEASING = YES;
				CLANG_WARN_BOOL_CONVERSION = YES;
				CLANG_WARN_COMMA = YES;
				CLANG_WARN_CONSTANT_CONVERSION = YES;
				CLANG_WARN_DEPRECATED_OBJC_IMPLEMENTATIONS = YES;
				CLANG_WARN_DIRECT_OBJC_ISA_USAGE = YES_ERROR;
				CLANG_WARN_DOCUMENTATION_COMMENTS = YES;
				CLANG_WARN_EMPTY_BODY = YES;
				CLANG_WARN_ENUM_CONVERSION = YES;
				CLANG_WARN_INFINITE_RECURSION = YES;
				CLANG_WARN_INT_CONVERSION = YES;
				CLANG_WARN_NON_LITERAL_NULL_CONVERSION = YES;
				CLANG_WARN_OBJC_IMPLICIT_RETAIN_SELF = YES;
				CLANG_WARN_OBJC_LITERAL_CONVERSION = YES;
				CLANG_WARN_OBJC_ROOT_CLASS = YES_ERROR;
				CLANG_WARN_RANGE_LOOP_ANALYSIS = YES;
				CLANG_WARN_STRICT_PROTOTYPES = YES;
				CLANG_WARN_SUSPICIOUS_MOVE = YES;
				CLANG_WARN_UNGUARDED_AVAILABILITY = YES_AGGRESSIVE;
				CLANG_WARN_UNREACHABLE_CODE = YES;
				CLANG_WARN__DUPLICATE_METHOD_MATCH = YES;
				CODE_SIGN_IDENTITY = "-";
				COPY_PHASE_STRIP = NO;
				DEBUG_INFORMATION_FORMAT = "dwarf-with-dsym";
				ENABLE_NS_ASSERTIONS = NO;
				ENABLE_STRICT_OBJC_MSGSEND = YES;
				GCC_C_LANGUAGE_STANDARD = gnu11;
				GCC_NO_COMMON_BLOCKS = YES;
				GCC_WARN_64_TO_32_BIT_CONVERSION = YES;
				GCC_WARN_ABOUT_RETURN_TYPE = YES_ERROR;
				GCC_WARN_UNDECLARED_SELECTOR = YES;
				GCC_WARN_UNINITIALIZED_AUTOS = YES_AGGRESSIVE;
				GCC_WARN_UNUSED_FUNCTION = YES;
				GCC_WARN_UNUSED_VARIABLE = YES;
				MACOSX_DEPLOYMENT_TARGET = 10.14;
				MTL_ENABLE_DEBUG_INFO = NO;
				MTL_FAST_MATH = YES;
				SDKROOT = macosx;
			};
			name = Release;
		};
		2D49C7C422135C780001893D /* Debug */ = {
			isa = XCBuildConfiguration;
			buildSettings = {
				CODE_SIGN_STYLE = Automatic;
				GCC_INCREASE_PRECOMPILED_HEADER_SHARING = NO;
				HEADER_SEARCH_PATHS = /usr/local/Cellar/boost/1.68.0_1/include/;
				LIBRARY_SEARCH_PATHS = /usr/local/Cellar/boost/1.68.0_1/lib/;
				PRODUCT_NAME = "$(TARGET_NAME)";
				USE_HEADERMAP = YES;
			};
			name = Debug;
		};
		2D49C7C522135C780001893D /* Release */ = {
			isa = XCBuildConfiguration;
			buildSettings = {
				CODE_SIGN_STYLE = Automatic;
				GCC_INCREASE_PRECOMPILED_HEADER_SHARING = NO;
				HEADER_SEARCH_PATHS = /usr/local/Cellar/boost/1.68.0_1/include/;
				LIBRARY_SEARCH_PATHS = /usr/local/Cellar/boost/1.68.0_1/lib/;
				PRODUCT_NAME = "$(TARGET_NAME)";
				USE_HEADERMAP = YES;
			};
			name = Release;
		};
/* End XCBuildConfiguration section */

/* Begin XCConfigurationList section */
		2D49C7B722135C780001893D /* Build configuration list for PBXProject "FunkenshlagA1" */ = {
			isa = XCConfigurationList;
			buildConfigurations = (
				2D49C7C122135C780001893D /* Debug */,
				2D49C7C222135C780001893D /* Release */,
			);
			defaultConfigurationIsVisible = 0;
			defaultConfigurationName = Release;
		};
		2D49C7C322135C780001893D /* Build configuration list for PBXNativeTarget "FunkenshlagA1" */ = {
			isa = XCConfigurationList;
			buildConfigurations = (
				2D49C7C422135C780001893D /* Debug */,
				2D49C7C522135C780001893D /* Release */,
			);
			defaultConfigurationIsVisible = 0;
			defaultConfigurationName = Release;
		};
/* End XCConfigurationList section */
	};
	rootObject = 2D49C7B422135C780001893D /* Project object */;
}
