// !$*UTF8*$!
{
	archiveVersion = 1;
	classes = {
	};
	objectVersion = 50;
	objects = {

/* Begin PBXBuildFile section */
		2D49C7D92213688B0001893D /* SummaryCards.cpp in Sources */ = {isa = PBXBuildFile; fileRef = 2D49C7D52213688A0001893D /* SummaryCards.cpp */; };
		2D49C7DA2213688B0001893D /* PowerPlantCards.cpp in Sources */ = {isa = PBXBuildFile; fileRef = 2D49C7D72213688A0001893D /* PowerPlantCards.cpp */; };
		2D49C7DB2213688B0001893D /* Step3Card.cpp in Sources */ = {isa = PBXBuildFile; fileRef = 2D49C7D82213688A0001893D /* Step3Card.cpp */; };
		2D49C7DD221368B80001893D /* main.cpp in Sources */ = {isa = PBXBuildFile; fileRef = 2D49C7DC221368B80001893D /* main.cpp */; };
		2D49C7E3221381620001893D /* Cards.cpp in Sources */ = {isa = PBXBuildFile; fileRef = 2D49C7E1221381620001893D /* Cards.cpp */; };
		2DA3462322252A0800FA003A /* House.cpp in Sources */ = {isa = PBXBuildFile; fileRef = 2DA3460F22252A0700FA003A /* House.cpp */; };
		2DA3462422252A0800FA003A /* ResourceMarket.cpp in Sources */ = {isa = PBXBuildFile; fileRef = 2DA3461022252A0700FA003A /* ResourceMarket.cpp */; };
		2DA3462522252A0800FA003A /* PlayerMain.cpp in Sources */ = {isa = PBXBuildFile; fileRef = 2DA3461122252A0700FA003A /* PlayerMain.cpp */; };
		2DA3462722252A0800FA003A /* Resource.cpp in Sources */ = {isa = PBXBuildFile; fileRef = 2DA3461422252A0700FA003A /* Resource.cpp */; };
		2DA3462822252A0800FA003A /* Player.cpp in Sources */ = {isa = PBXBuildFile; fileRef = 2DA3461622252A0700FA003A /* Player.cpp */; };
		2DA3462922252A0800FA003A /* Map.cpp in Sources */ = {isa = PBXBuildFile; fileRef = 2DA3461722252A0700FA003A /* Map.cpp */; };
		2DA3462A22252A0800FA003A /* CityNode.cpp in Sources */ = {isa = PBXBuildFile; fileRef = 2DA3461822252A0700FA003A /* CityNode.cpp */; };
		2DD68DBE2229EDC60032C0DF /* MapLoader.cpp in Sources */ = {isa = PBXBuildFile; fileRef = 2DD68DBB2229EDC60032C0DF /* MapLoader.cpp */; };
		2DD68DBF2229EDC60032C0DF /* test.cpp in Sources */ = {isa = PBXBuildFile; fileRef = 2DD68DBC2229EDC60032C0DF /* test.cpp */; };
/* End PBXBuildFile section */

/* Begin PBXCopyFilesBuildPhase section */
		2D49C7BA22135C780001893D /* CopyFiles */ = {
			isa = PBXCopyFilesBuildPhase;
			buildActionMask = 2147483647;
			dstPath = /usr/share/man/man1/;
			dstSubfolderSpec = 0;
			files = (
			);
			runOnlyForDeploymentPostprocessing = 1;
		};
/* End PBXCopyFilesBuildPhase section */

/* Begin PBXFileReference section */
		2D49C7BC22135C780001893D /* FunkenshlagA1 */ = {isa = PBXFileReference; explicitFileType = "compiled.mach-o.executable"; includeInIndex = 0; path = FunkenshlagA1; sourceTree = BUILT_PRODUCTS_DIR; };
		2D49C7D22213688A0001893D /* SummaryCards.h */ = {isa = PBXFileReference; fileEncoding = 4; lastKnownFileType = sourcecode.c.h; path = SummaryCards.h; sourceTree = "<group>"; };
		2D49C7D42213688A0001893D /* Step3Card.h */ = {isa = PBXFileReference; fileEncoding = 4; lastKnownFileType = sourcecode.c.h; path = Step3Card.h; sourceTree = "<group>"; };
		2D49C7D52213688A0001893D /* SummaryCards.cpp */ = {isa = PBXFileReference; fileEncoding = 4; lastKnownFileType = sourcecode.cpp.cpp; path = SummaryCards.cpp; sourceTree = "<group>"; };
		2D49C7D62213688A0001893D /* PowerPlantCards.h */ = {isa = PBXFileReference; fileEncoding = 4; lastKnownFileType = sourcecode.c.h; path = PowerPlantCards.h; sourceTree = "<group>"; };
		2D49C7D72213688A0001893D /* PowerPlantCards.cpp */ = {isa = PBXFileReference; fileEncoding = 4; lastKnownFileType = sourcecode.cpp.cpp; path = PowerPlantCards.cpp; sourceTree = "<group>"; };
		2D49C7D82213688A0001893D /* Step3Card.cpp */ = {isa = PBXFileReference; fileEncoding = 4; lastKnownFileType = sourcecode.cpp.cpp; path = Step3Card.cpp; sourceTree = "<group>"; };
		2D49C7DC221368B80001893D /* main.cpp */ = {isa = PBXFileReference; fileEncoding = 4; lastKnownFileType = sourcecode.cpp.cpp; path = main.cpp; sourceTree = "<group>"; usesTabs = 0; };
		2D49C7E1221381620001893D /* Cards.cpp */ = {isa = PBXFileReference; fileEncoding = 4; lastKnownFileType = sourcecode.cpp.cpp; path = Cards.cpp; sourceTree = "<group>"; };
		2D49C7E2221381620001893D /* Cards.h */ = {isa = PBXFileReference; fileEncoding = 4; lastKnownFileType = sourcecode.c.h; path = Cards.h; sourceTree = "<group>"; };
		2DA3460F22252A0700FA003A /* House.cpp */ = {isa = PBXFileReference; fileEncoding = 4; lastKnownFileType = sourcecode.cpp.cpp; path = House.cpp; sourceTree = "<group>"; };
		2DA3461022252A0700FA003A /* ResourceMarket.cpp */ = {isa = PBXFileReference; fileEncoding = 4; lastKnownFileType = sourcecode.cpp.cpp; path = ResourceMarket.cpp; sourceTree = "<group>"; };
		2DA3461122252A0700FA003A /* PlayerMain.cpp */ = {isa = PBXFileReference; fileEncoding = 4; lastKnownFileType = sourcecode.cpp.cpp; path = PlayerMain.cpp; sourceTree = "<group>"; };
		2DA3461222252A0700FA003A /* House.h */ = {isa = PBXFileReference; fileEncoding = 4; lastKnownFileType = sourcecode.c.h; path = House.h; sourceTree = "<group>"; };
		2DA3461422252A0700FA003A /* Resource.cpp */ = {isa = PBXFileReference; fileEncoding = 4; lastKnownFileType = sourcecode.cpp.cpp; path = Resource.cpp; sourceTree = "<group>"; };
		2DA3461622252A0700FA003A /* Player.cpp */ = {isa = PBXFileReference; fileEncoding = 4; lastKnownFileType = sourcecode.cpp.cpp; path = Player.cpp; sourceTree = "<group>"; };
		2DA3461722252A0700FA003A /* Map.cpp */ = {isa = PBXFileReference; fileEncoding = 4; lastKnownFileType = sourcecode.cpp.cpp; path = Map.cpp; sourceTree = "<group>"; };
		2DA3461822252A0700FA003A /* CityNode.cpp */ = {isa = PBXFileReference; fileEncoding = 4; lastKnownFileType = sourcecode.cpp.cpp; path = CityNode.cpp; sourceTree = "<group>"; };
		2DA3461922252A0700FA003A /* Slot.h */ = {isa = PBXFileReference; fileEncoding = 4; lastKnownFileType = sourcecode.c.h; path = Slot.h; sourceTree = "<group>"; };
		2DA3461A22252A0700FA003A /* ResourceManager.h */ = {isa = PBXFileReference; fileEncoding = 4; lastKnownFileType = sourcecode.c.h; path = ResourceManager.h; sourceTree = "<group>"; };
		2DA3461C22252A0800FA003A /* Resource.h */ = {isa = PBXFileReference; fileEncoding = 4; lastKnownFileType = sourcecode.c.h; path = Resource.h; sourceTree = "<group>"; };
		2DA3461D22252A0800FA003A /* Player.h */ = {isa = PBXFileReference; fileEncoding = 4; lastKnownFileType = sourcecode.c.h; path = Player.h; sourceTree = "<group>"; };
		2DA3462022252A0800FA003A /* ResourceMarket.h */ = {isa = PBXFileReference; fileEncoding = 4; lastKnownFileType = sourcecode.c.h; path = ResourceMarket.h; sourceTree = "<group>"; };
		2DA3462122252A0800FA003A /* CityNode.h */ = {isa = PBXFileReference; fileEncoding = 4; lastKnownFileType = sourcecode.c.h; path = CityNode.h; sourceTree = "<group>"; };
		2DA3462222252A0800FA003A /* Map.h */ = {isa = PBXFileReference; fileEncoding = 4; lastKnownFileType = sourcecode.c.h; path = Map.h; sourceTree = "<group>"; };
		2DD68DBA2229EDC60032C0DF /* MapLoader.h */ = {isa = PBXFileReference; fileEncoding = 4; lastKnownFileType = sourcecode.c.h; path = MapLoader.h; sourceTree = "<group>"; };
		2DD68DBB2229EDC60032C0DF /* MapLoader.cpp */ = {isa = PBXFileReference; fileEncoding = 4; lastKnownFileType = sourcecode.cpp.cpp; path = MapLoader.cpp; sourceTree = "<group>"; };
		2DD68DBC2229EDC60032C0DF /* test.cpp */ = {isa = PBXFileReference; fileEncoding = 4; lastKnownFileType = sourcecode.cpp.cpp; path = test.cpp; sourceTree = "<group>"; };
		2DD68DBD2229EDC60032C0DF /* test.txt */ = {isa = PBXFileReference; fileEncoding = 4; lastKnownFileType = text; path = test.txt; sourceTree = "<group>"; };
/* End PBXFileReference section */

/* Begin PBXFrameworksBuildPhase section */
		2D49C7B922135C780001893D /* Frameworks */ = {
			isa = PBXFrameworksBuildPhase;
			buildActionMask = 2147483647;
			files = (
			);
			runOnlyForDeploymentPostprocessing = 0;
		};
/* End PBXFrameworksBuildPhase section */

/* Begin PBXGroup section */
		2D49C7B322135C780001893D = {
			isa = PBXGroup;
			children = (
				2D49C7BE22135C780001893D /* FunkenshlagA1 */,
				2D49C7BD22135C780001893D /* Products */,
			);
			sourceTree = "<group>";
		};
		2D49C7BD22135C780001893D /* Products */ = {
			isa = PBXGroup;
			children = (
				2D49C7BC22135C780001893D /* FunkenshlagA1 */,
			);
			name = Products;
			sourceTree = "<group>";
		};
		2D49C7BE22135C780001893D /* FunkenshlagA1 */ = {
			isa = PBXGroup;
			children = (
				2DD68DBB2229EDC60032C0DF /* MapLoader.cpp */,
				2DD68DBA2229EDC60032C0DF /* MapLoader.h */,
				2DD68DBC2229EDC60032C0DF /* test.cpp */,
				2DD68DBD2229EDC60032C0DF /* test.txt */,
				2DA3461822252A0700FA003A /* CityNode.cpp */,
				2DA3462122252A0800FA003A /* CityNode.h */,
				2DA3460F22252A0700FA003A /* House.cpp */,
				2DA3461222252A0700FA003A /* House.h */,
				2DA3461722252A0700FA003A /* Map.cpp */,
				2DA3462222252A0800FA003A /* Map.h */,
				2DA3461622252A0700FA003A /* Player.cpp */,
				2DA3461D22252A0800FA003A /* Player.h */,
				2DA3461122252A0700FA003A /* PlayerMain.cpp */,
				2DA3461422252A0700FA003A /* Resource.cpp */,
				2DA3461C22252A0800FA003A /* Resource.h */,
				2DA3461A22252A0700FA003A /* ResourceManager.h */,
				2DA3461022252A0700FA003A /* ResourceMarket.cpp */,
				2DA3462022252A0800FA003A /* ResourceMarket.h */,
				2DA3461922252A0700FA003A /* Slot.h */,
				2D49C7E2221381620001893D /* Cards.h */,
				2D49C7E1221381620001893D /* Cards.cpp */,
				2D49C7D22213688A0001893D /* SummaryCards.h */,
				2D49C7D52213688A0001893D /* SummaryCards.cpp */,
				2D49C7D42213688A0001893D /* Step3Card.h */,
				2D49C7D82213688A0001893D /* Step3Card.cpp */,
				2D49C7D62213688A0001893D /* PowerPlantCards.h */,
				2D49C7D72213688A0001893D /* PowerPlantCards.cpp */,
				2D49C7DC221368B80001893D /* main.cpp */,
			);
			path = FunkenshlagA1;
			sourceTree = "<group>";
		};
/* End PBXGroup section */

/* Begin PBXNativeTarget section */
		2D49C7BB22135C780001893D /* FunkenshlagA1 */ = {
			isa = PBXNativeTarget;
			buildConfigurationList = 2D49C7C322135C780001893D /* Build configuration list for PBXNativeTarget "FunkenshlagA1" */;
			buildPhases = (
				2D49C7B822135C780001893D /* Sources */,
				2D49C7B922135C780001893D /* Frameworks */,
				2D49C7BA22135C780001893D /* CopyFiles */,
			);
			buildRules = (
			);
			dependencies = (
			);
			name = FunkenshlagA1;
			productName = COMP345A1;
			productReference = 2D49C7BC22135C780001893D /* FunkenshlagA1 */;
			productType = "com.apple.product-type.tool";
		};
/* End PBXNativeTarget section */

/* Begin PBXProject section */
		2D49C7B422135C780001893D /* Project object */ = {
			isa = PBXProject;
			attributes = {
				LastUpgradeCheck = 1010;
				ORGANIZATIONNAME = "Adelekan Faruq Aliu";
				TargetAttributes = {
					2D49C7BB22135C780001893D = {
						CreatedOnToolsVersion = 10.1;
					};
				};
			};
			buildConfigurationList = 2D49C7B722135C780001893D /* Build configuration list for PBXProject "FunkenshlagA1" */;
			compatibilityVersion = "Xcode 9.3";
			developmentRegion = en;
			hasScannedForEncodings = 0;
			knownRegions = (
				en,
			);
			mainGroup = 2D49C7B322135C780001893D;
			productRefGroup = 2D49C7BD22135C780001893D /* Products */;
			projectDirPath = "";
			projectRoot = "";
			targets = (
				2D49C7BB22135C780001893D /* FunkenshlagA1 */,
			);
		};
/* End PBXProject section */

/* Begin PBXSourcesBuildPhase section */
		2D49C7B822135C780001893D /* Sources */ = {
			isa = PBXSourcesBuildPhase;
			buildActionMask = 2147483647;
			files = (
				2D49C7DA2213688B0001893D /* PowerPlantCards.cpp in Sources */,
				2DA3462722252A0800FA003A /* Resource.cpp in Sources */,
				2DA3462522252A0800FA003A /* PlayerMain.cpp in Sources */,
				2DA3462422252A0800FA003A /* ResourceMarket.cpp in Sources */,
				2DA3462822252A0800FA003A /* Player.cpp in Sources */,
				2DD68DBF2229EDC60032C0DF /* test.cpp in Sources */,
				2DA3462A22252A0800FA003A /* CityNode.cpp in Sources */,
				2DA3462922252A0800FA003A /* Map.cpp in Sources */,
				2D49C7DB2213688B0001893D /* Step3Card.cpp in Sources */,
				2DA3462322252A0800FA003A /* House.cpp in Sources */,
				2D49C7DD221368B80001893D /* main.cpp in Sources */,
				2D49C7D92213688B0001893D /* SummaryCards.cpp in Sources */,
				2D49C7E3221381620001893D /* Cards.cpp in Sources */,
				2DD68DBE2229EDC60032C0DF /* MapLoader.cpp in Sources */,
			);
			runOnlyForDeploymentPostprocessing = 0;
		};
/* End PBXSourcesBuildPhase section */

/* Begin XCBuildConfiguration section */
		2D49C7C122135C780001893D /* Debug */ = {
			isa = XCBuildConfiguration;
			buildSettings = {
				ALWAYS_SEARCH_USER_PATHS = NO;
				CLANG_ANALYZER_NONNULL = YES;
				CLANG_ANALYZER_NUMBER_OBJECT_CONVERSION = YES_AGGRESSIVE;
				CLANG_CXX_LANGUAGE_STANDARD = "gnu++14";
				CLANG_CXX_LIBRARY = "libc++";
				CLANG_ENABLE_MODULES = YES;
				CLANG_ENABLE_OBJC_ARC = YES;
				CLANG_ENABLE_OBJC_WEAK = YES;
				CLANG_WARN_BLOCK_CAPTURE_AUTORELEASING = YES;
				CLANG_WARN_BOOL_CONVERSION = YES;
				CLANG_WARN_COMMA = YES;
				CLANG_WARN_CONSTANT_CONVERSION = YES;
				CLANG_WARN_DEPRECATED_OBJC_IMPLEMENTATIONS = YES;
				CLANG_WARN_DIRECT_OBJC_ISA_USAGE = YES_ERROR;
				CLANG_WARN_DOCUMENTATION_COMMENTS = YES;
				CLANG_WARN_EMPTY_BODY = YES;
				CLANG_WARN_ENUM_CONVERSION = YES;
				CLANG_WARN_INFINITE_RECURSION = YES;
				CLANG_WARN_INT_CONVERSION = YES;
				CLANG_WARN_NON_LITERAL_NULL_CONVERSION = YES;
				CLANG_WARN_OBJC_IMPLICIT_RETAIN_SELF = YES;
				CLANG_WARN_OBJC_LITERAL_CONVERSION = YES;
				CLANG_WARN_OBJC_ROOT_CLASS = YES_ERROR;
				CLANG_WARN_RANGE_LOOP_ANALYSIS = YES;
				CLANG_WARN_STRICT_PROTOTYPES = YES;
				CLANG_WARN_SUSPICIOUS_MOVE = YES;
				CLANG_WARN_UNGUARDED_AVAILABILITY = YES_AGGRESSIVE;
				CLANG_WARN_UNREACHABLE_CODE = YES;
				CLANG_WARN__DUPLICATE_METHOD_MATCH = YES;
				CODE_SIGN_IDENTITY = "-";
				COPY_PHASE_STRIP = NO;
				DEBUG_INFORMATION_FORMAT = dwarf;
				ENABLE_STRICT_OBJC_MSGSEND = YES;
				ENABLE_TESTABILITY = YES;
				GCC_C_LANGUAGE_STANDARD = gnu11;
				GCC_DYNAMIC_NO_PIC = NO;
				GCC_NO_COMMON_BLOCKS = YES;
				GCC_OPTIMIZATION_LEVEL = 0;
				GCC_PREPROCESSOR_DEFINITIONS = (
					"DEBUG=1",
					"$(inherited)",
				);
				GCC_WARN_64_TO_32_BIT_CONVERSION = YES;
				GCC_WARN_ABOUT_RETURN_TYPE = YES_ERROR;
				GCC_WARN_UNDECLARED_SELECTOR = YES;
				GCC_WARN_UNINITIALIZED_AUTOS = YES_AGGRESSIVE;
				GCC_WARN_UNUSED_FUNCTION = YES;
				GCC_WARN_UNUSED_VARIABLE = YES;
				MACOSX_DEPLOYMENT_TARGET = 10.14;
				MTL_ENABLE_DEBUG_INFO = INCLUDE_SOURCE;
				MTL_FAST_MATH = YES;
				ONLY_ACTIVE_ARCH = YES;
				SDKROOT = macosx;
			};
			name = Debug;
		};
		2D49C7C222135C780001893D /* Release */ = {
			isa = XCBuildConfiguration;
			buildSettings = {
				ALWAYS_SEARCH_USER_PATHS = NO;
				CLANG_ANALYZER_NONNULL = YES;
				CLANG_ANALYZER_NUMBER_OBJECT_CONVERSION = YES_AGGRESSIVE;
				CLANG_CXX_LANGUAGE_STANDARD = "gnu++14";
				CLANG_CXX_LIBRARY = "libc++";
				CLANG_ENABLE_MODULES = YES;
				CLANG_ENABLE_OBJC_ARC = YES;
				CLANG_ENABLE_OBJC_WEAK = YES;
				CLANG_WARN_BLOCK_CAPTURE_AUTORELEASING = YES;
				CLANG_WARN_BOOL_CONVERSION = YES;
				CLANG_WARN_COMMA = YES;
				CLANG_WARN_CONSTANT_CONVERSION = YES;
				CLANG_WARN_DEPRECATED_OBJC_IMPLEMENTATIONS = YES;
				CLANG_WARN_DIRECT_OBJC_ISA_USAGE = YES_ERROR;
				CLANG_WARN_DOCUMENTATION_COMMENTS = YES;
				CLANG_WARN_EMPTY_BODY = YES;
				CLANG_WARN_ENUM_CONVERSION = YES;
				CLANG_WARN_INFINITE_RECURSION = YES;
				CLANG_WARN_INT_CONVERSION = YES;
				CLANG_WARN_NON_LITERAL_NULL_CONVERSION = YES;
				CLANG_WARN_OBJC_IMPLICIT_RETAIN_SELF = YES;
				CLANG_WARN_OBJC_LITERAL_CONVERSION = YES;
				CLANG_WARN_OBJC_ROOT_CLASS = YES_ERROR;
				CLANG_WARN_RANGE_LOOP_ANALYSIS = YES;
				CLANG_WARN_STRICT_PROTOTYPES = YES;
				CLANG_WARN_SUSPICIOUS_MOVE = YES;
				CLANG_WARN_UNGUARDED_AVAILABILITY = YES_AGGRESSIVE;
				CLANG_WARN_UNREACHABLE_CODE = YES;
				CLANG_WARN__DUPLICATE_METHOD_MATCH = YES;
				CODE_SIGN_IDENTITY = "-";
				COPY_PHASE_STRIP = NO;
				DEBUG_INFORMATION_FORMAT = "dwarf-with-dsym";
				ENABLE_NS_ASSERTIONS = NO;
				ENABLE_STRICT_OBJC_MSGSEND = YES;
				GCC_C_LANGUAGE_STANDARD = gnu11;
				GCC_NO_COMMON_BLOCKS = YES;
				GCC_WARN_64_TO_32_BIT_CONVERSION = YES;
				GCC_WARN_ABOUT_RETURN_TYPE = YES_ERROR;
				GCC_WARN_UNDECLARED_SELECTOR = YES;
				GCC_WARN_UNINITIALIZED_AUTOS = YES_AGGRESSIVE;
				GCC_WARN_UNUSED_FUNCTION = YES;
				GCC_WARN_UNUSED_VARIABLE = YES;
				MACOSX_DEPLOYMENT_TARGET = 10.14;
				MTL_ENABLE_DEBUG_INFO = NO;
				MTL_FAST_MATH = YES;
				SDKROOT = macosx;
			};
			name = Release;
		};
		2D49C7C422135C780001893D /* Debug */ = {
			isa = XCBuildConfiguration;
			buildSettings = {
				CODE_SIGN_STYLE = Automatic;
				PRODUCT_NAME = "$(TARGET_NAME)";
			};
			name = Debug;
		};
		2D49C7C522135C780001893D /* Release */ = {
			isa = XCBuildConfiguration;
			buildSettings = {
				CODE_SIGN_STYLE = Automatic;
				PRODUCT_NAME = "$(TARGET_NAME)";
			};
			name = Release;
		};
/* End XCBuildConfiguration section */

/* Begin XCConfigurationList section */
		2D49C7B722135C780001893D /* Build configuration list for PBXProject "FunkenshlagA1" */ = {
			isa = XCConfigurationList;
			buildConfigurations = (
				2D49C7C122135C780001893D /* Debug */,
				2D49C7C222135C780001893D /* Release */,
			);
			defaultConfigurationIsVisible = 0;
			defaultConfigurationName = Release;
		};
		2D49C7C322135C780001893D /* Build configuration list for PBXNativeTarget "FunkenshlagA1" */ = {
			isa = XCConfigurationList;
			buildConfigurations = (
				2D49C7C422135C780001893D /* Debug */,
				2D49C7C522135C780001893D /* Release */,
			);
			defaultConfigurationIsVisible = 0;
			defaultConfigurationName = Release;
		};
/* End XCConfigurationList section */
	};
	rootObject = 2D49C7B422135C780001893D /* Project object */;
}
